
Microsoft Visual Studio Solution File, Format Version 12.00
# Visual Studio Version 16
VisualStudioVersion = 16.0.30503.244
MinimumVisualStudioVersion = 10.0.40219.1
Project("{8BC9CEB8-8B4A-11D0-8D11-00A0C91BC942}") = "Report3(pratice1)", "Report3(pratice1).vcxproj", "{60768524-B94B-46E9-998A-BD28E03D82C9}"
EndProject
Global
	GlobalSection(SolutionConfigurationPlatforms) = preSolution
		Debug|x64 = Debug|x64
		Debug|x86 = Debug|x86
		Release|x64 = Release|x64
		Release|x86 = Release|x86
	EndGlobalSection
	GlobalSection(ProjectConfigurationPlatforms) = postSolution
		{60768524-B94B-46E9-998A-BD28E03D82C9}.Debug|x64.ActiveCfg = Debug|x64
		{60768524-B94B-46E9-998A-BD28E03D82C9}.Debug|x64.Build.0 = Debug|x64
		{60768524-B94B-46E9-998A-BD28E03D82C9}.Debug|x86.ActiveCfg = Debug|Win32
		{60768524-B94B-46E9-998A-BD28E03D82C9}.Debug|x86.Build.0 = Debug|Win32
		{60768524-B94B-46E9-998A-BD28E03D82C9}.Release|x64.ActiveCfg = Release|x64
		{60768524-B94B-46E9-998A-BD28E03D82C9}.Release|x64.Build.0 = Release|x64
		{60768524-B94B-46E9-998A-BD28E03D82C9}.Release|x86.ActiveCfg = Release|Win32
		{60768524-B94B-46E9-998A-BD28E03D82C9}.Release|x86.Build.0 = Release|Win32
	EndGlobalSection
	GlobalSection(SolutionProperties) = preSolution
		HideSolutionNode = FALSE
	EndGlobalSection
	GlobalSection(ExtensibilityGlobals) = postSolution
		SolutionGuid = {DD779FE1-7B10-450E-8A6F-96E65567C909}
	EndGlobalSection
EndGlobal
